// !$*UTF8*$!
{
	archiveVersion = 1;
	classes = {
	};
	objectVersion = 56;
	objects = {

/* Begin PBXBuildFile section */
		A56321BB2B526484006DECB9 /* MathProblemApp.swift in Sources */ = {isa = PBXBuildFile; fileRef = A56321BA2B526484006DECB9 /* MathProblemApp.swift */; };
		A56321BD2B526484006DECB9 /* ContentView.swift in Sources */ = {isa = PBXBuildFile; fileRef = A56321BC2B526484006DECB9 /* ContentView.swift */; };
		A56321BF2B526486006DECB9 /* Assets.xcassets in Resources */ = {isa = PBXBuildFile; fileRef = A56321BE2B526486006DECB9 /* Assets.xcassets */; };
		A56321C22B526486006DECB9 /* Preview Assets.xcassets in Resources */ = {isa = PBXBuildFile; fileRef = A56321C12B526486006DECB9 /* Preview Assets.xcassets */; };
		A56321C92B526566006DECB9 /* AnswerButton.swift in Sources */ = {isa = PBXBuildFile; fileRef = A56321C82B526566006DECB9 /* AnswerButton.swift */; };
		A56321CB2B5275CA006DECB9 /* AdditionView.swift in Sources */ = {isa = PBXBuildFile; fileRef = A56321CA2B5275CA006DECB9 /* AdditionView.swift */; };
		A56321CD2B527C95006DECB9 /* SubtractionView.swift in Sources */ = {isa = PBXBuildFile; fileRef = A56321CC2B527C95006DECB9 /* SubtractionView.swift */; };
		A56321CF2B527F59006DECB9 /* MultiplicationView.swift in Sources */ = {isa = PBXBuildFile; fileRef = A56321CE2B527F59006DECB9 /* MultiplicationView.swift */; };
		A56321D12B52810F006DECB9 /* DivisionView.swift in Sources */ = {isa = PBXBuildFile; fileRef = A56321D02B52810F006DECB9 /* DivisionView.swift */; };
/* End PBXBuildFile section */

/* Begin PBXFileReference section */
		A56321B72B526484006DECB9 /* MathProblem.app */ = {isa = PBXFileReference; explicitFileType = wrapper.application; includeInIndex = 0; path = MathProblem.app; sourceTree = BUILT_PRODUCTS_DIR; };
		A56321BA2B526484006DECB9 /* MathProblemApp.swift */ = {isa = PBXFileReference; lastKnownFileType = sourcecode.swift; path = MathProblemApp.swift; sourceTree = "<group>"; };
		A56321BC2B526484006DECB9 /* ContentView.swift */ = {isa = PBXFileReference; lastKnownFileType = sourcecode.swift; path = ContentView.swift; sourceTree = "<group>"; };
		A56321BE2B526486006DECB9 /* Assets.xcassets */ = {isa = PBXFileReference; lastKnownFileType = folder.assetcatalog; path = Assets.xcassets; sourceTree = "<group>"; };
		A56321C12B526486006DECB9 /* Preview Assets.xcassets */ = {isa = PBXFileReference; lastKnownFileType = folder.assetcatalog; path = "Preview Assets.xcassets"; sourceTree = "<group>"; };
		A56321C82B526566006DECB9 /* AnswerButton.swift */ = {isa = PBXFileReference; lastKnownFileType = sourcecode.swift; path = AnswerButton.swift; sourceTree = "<group>"; };
		A56321CA2B5275CA006DECB9 /* AdditionView.swift */ = {isa = PBXFileReference; lastKnownFileType = sourcecode.swift; path = AdditionView.swift; sourceTree = "<group>"; };
		A56321CC2B527C95006DECB9 /* SubtractionView.swift */ = {isa = PBXFileReference; lastKnownFileType = sourcecode.swift; path = SubtractionView.swift; sourceTree = "<group>"; };
		A56321CE2B527F59006DECB9 /* MultiplicationView.swift */ = {isa = PBXFileReference; lastKnownFileType = sourcecode.swift; path = MultiplicationView.swift; sourceTree = "<group>"; };
		A56321D02B52810F006DECB9 /* DivisionView.swift */ = {isa = PBXFileReference; lastKnownFileType = sourcecode.swift; path = DivisionView.swift; sourceTree = "<group>"; };
/* End PBXFileReference section */

/* Begin PBXFrameworksBuildPhase section */
		A56321B42B526484006DECB9 /* Frameworks */ = {
			isa = PBXFrameworksBuildPhase;
			buildActionMask = 2147483647;
			files = (
			);
			runOnlyForDeploymentPostprocessing = 0;
		};
/* End PBXFrameworksBuildPhase section */

/* Begin PBXGroup section */
		A56321AE2B526484006DECB9 = {
			isa = PBXGroup;
			children = (
				A56321B92B526484006DECB9 /* MathProblem */,
				A56321B82B526484006DECB9 /* Products */,
			);
			sourceTree = "<group>";
		};
		A56321B82B526484006DECB9 /* Products */ = {
			isa = PBXGroup;
			children = (
				A56321B72B526484006DECB9 /* MathProblem.app */,
			);
			name = Products;
			sourceTree = "<group>";
		};
		A56321B92B526484006DECB9 /* MathProblem */ = {
			isa = PBXGroup;
			children = (
				A56321BA2B526484006DECB9 /* MathProblemApp.swift */,
				A56321BC2B526484006DECB9 /* ContentView.swift */,
				A56321C82B526566006DECB9 /* AnswerButton.swift */,
				A56321D22B528272006DECB9 /* Views */,
				A56321BE2B526486006DECB9 /* Assets.xcassets */,
				A56321C02B526486006DECB9 /* Preview Content */,
			);
			path = MathProblem;
			sourceTree = "<group>";
		};
		A56321C02B526486006DECB9 /* Preview Content */ = {
			isa = PBXGroup;
			children = (
				A56321C12B526486006DECB9 /* Preview Assets.xcassets */,
			);
			path = "Preview Content";
			sourceTree = "<group>";
		};
		A56321D22B528272006DECB9 /* Views */ = {
			isa = PBXGroup;
			children = (
				A56321CA2B5275CA006DECB9 /* AdditionView.swift */,
				A56321CC2B527C95006DECB9 /* SubtractionView.swift */,
				A56321CE2B527F59006DECB9 /* MultiplicationView.swift */,
				A56321D02B52810F006DECB9 /* DivisionView.swift */,
			);
			path = Views;
			sourceTree = "<group>";
		};
/* End PBXGroup section */

/* Begin PBXNativeTarget section */
		A56321B62B526484006DECB9 /* MathProblem */ = {
			isa = PBXNativeTarget;
			buildConfigurationList = A56321C52B526486006DECB9 /* Build configuration list for PBXNativeTarget "MathProblem" */;
			buildPhases = (
				A56321B32B526484006DECB9 /* Sources */,
				A56321B42B526484006DECB9 /* Frameworks */,
				A56321B52B526484006DECB9 /* Resources */,
			);
			buildRules = (
			);
			dependencies = (
			);
			name = MathProblem;
			productName = MathProblem;
			productReference = A56321B72B526484006DECB9 /* MathProblem.app */;
			productType = "com.apple.product-type.application";
		};
/* End PBXNativeTarget section */

/* Begin PBXProject section */
		A56321AF2B526484006DECB9 /* Project object */ = {
			isa = PBXProject;
			attributes = {
				BuildIndependentTargetsInParallel = 1;
				LastSwiftUpdateCheck = 1520;
				LastUpgradeCheck = 1520;
				TargetAttributes = {
					A56321B62B526484006DECB9 = {
						CreatedOnToolsVersion = 15.2;
					};
				};
			};
			buildConfigurationList = A56321B22B526484006DECB9 /* Build configuration list for PBXProject "MathProblem" */;
			compatibilityVersion = "Xcode 14.0";
			developmentRegion = en;
			hasScannedForEncodings = 0;
			knownRegions = (
				en,
				Base,
			);
			mainGroup = A56321AE2B526484006DECB9;
			productRefGroup = A56321B82B526484006DECB9 /* Products */;
			projectDirPath = "";
			projectRoot = "";
			targets = (
				A56321B62B526484006DECB9 /* MathProblem */,
			);
		};
/* End PBXProject section */

/* Begin PBXResourcesBuildPhase section */
		A56321B52B526484006DECB9 /* Resources */ = {
			isa = PBXResourcesBuildPhase;
			buildActionMask = 2147483647;
			files = (
				A56321C22B526486006DECB9 /* Preview Assets.xcassets in Resources */,
				A56321BF2B526486006DECB9 /* Assets.xcassets in Resources */,
			);
			runOnlyForDeploymentPostprocessing = 0;
		};
/* End PBXResourcesBuildPhase section */

/* Begin PBXSourcesBuildPhase section */
		A56321B32B526484006DECB9 /* Sources */ = {
			isa = PBXSourcesBuildPhase;
			buildActionMask = 2147483647;
			files = (
				A56321D12B52810F006DECB9 /* DivisionView.swift in Sources */,
				A56321CF2B527F59006DECB9 /* MultiplicationView.swift in Sources */,
				A56321BD2B526484006DECB9 /* ContentView.swift in Sources */,
				A56321BB2B526484006DECB9 /* MathProblemApp.swift in Sources */,
				A56321CB2B5275CA006DECB9 /* AdditionView.swift in Sources */,
				A56321C92B526566006DECB9 /* AnswerButton.swift in Sources */,
				A56321CD2B527C95006DECB9 /* SubtractionView.swift in Sources */,
			);
			runOnlyForDeploymentPostprocessing = 0;
		};
/* End PBXSourcesBuildPhase section */

/* Begin XCBuildConfiguration section */
		A56321C32B526486006DECB9 /* Debug */ = {
			isa = XCBuildConfiguration;
			buildSettings = {
				ALWAYS_SEARCH_USER_PATHS = NO;
				ASSETCATALOG_COMPILER_GENERATE_SWIFT_ASSET_SYMBOL_EXTENSIONS = YES;
				CLANG_ANALYZER_NONNULL = YES;
				CLANG_ANALYZER_NUMBER_OBJECT_CONVERSION = YES_AGGRESSIVE;
				CLANG_CXX_LANGUAGE_STANDARD = "gnu++20";
				CLANG_ENABLE_MODULES = YES;
				CLANG_ENABLE_OBJC_ARC = YES;
				CLANG_ENABLE_OBJC_WEAK = YES;
				CLANG_WARN_BLOCK_CAPTURE_AUTORELEASING = YES;
				CLANG_WARN_BOOL_CONVERSION = YES;
				CLANG_WARN_COMMA = YES;
				CLANG_WARN_CONSTANT_CONVERSION = YES;
				CLANG_WARN_DEPRECATED_OBJC_IMPLEMENTATIONS = YES;
				CLANG_WARN_DIRECT_OBJC_ISA_USAGE = YES_ERROR;
				CLANG_WARN_DOCUMENTATION_COMMENTS = YES;
				CLANG_WARN_EMPTY_BODY = YES;
				CLANG_WARN_ENUM_CONVERSION = YES;
				CLANG_WARN_INFINITE_RECURSION = YES;
				CLANG_WARN_INT_CONVERSION = YES;
				CLANG_WARN_NON_LITERAL_NULL_CONVERSION = YES;
				CLANG_WARN_OBJC_IMPLICIT_RETAIN_SELF = YES;
				CLANG_WARN_OBJC_LITERAL_CONVERSION = YES;
				CLANG_WARN_OBJC_ROOT_CLASS = YES_ERROR;
				CLANG_WARN_QUOTED_INCLUDE_IN_FRAMEWORK_HEADER = YES;
				CLANG_WARN_RANGE_LOOP_ANALYSIS = YES;
				CLANG_WARN_STRICT_PROTOTYPES = YES;
				CLANG_WARN_SUSPICIOUS_MOVE = YES;
				CLANG_WARN_UNGUARDED_AVAILABILITY = YES_AGGRESSIVE;
				CLANG_WARN_UNREACHABLE_CODE = YES;
				CLANG_WARN__DUPLICATE_METHOD_MATCH = YES;
				COPY_PHASE_STRIP = NO;
				DEBUG_INFORMATION_FORMAT = dwarf;
				ENABLE_STRICT_OBJC_MSGSEND = YES;
				ENABLE_TESTABILITY = YES;
				ENABLE_USER_SCRIPT_SANDBOXING = YES;
				GCC_C_LANGUAGE_STANDARD = gnu17;
				GCC_DYNAMIC_NO_PIC = NO;
				GCC_NO_COMMON_BLOCKS = YES;
				GCC_OPTIMIZATION_LEVEL = 0;
				GCC_PREPROCESSOR_DEFINITIONS = (
					"DEBUG=1",
					"$(inherited)",
				);
				GCC_WARN_64_TO_32_BIT_CONVERSION = YES;
				GCC_WARN_ABOUT_RETURN_TYPE = YES_ERROR;
				GCC_WARN_UNDECLARED_SELECTOR = YES;
				GCC_WARN_UNINITIALIZED_AUTOS = YES_AGGRESSIVE;
				GCC_WARN_UNUSED_FUNCTION = YES;
				GCC_WARN_UNUSED_VARIABLE = YES;
				IPHONEOS_DEPLOYMENT_TARGET = 17.2;
				LOCALIZATION_PREFERS_STRING_CATALOGS = YES;
				MTL_ENABLE_DEBUG_INFO = INCLUDE_SOURCE;
				MTL_FAST_MATH = YES;
				ONLY_ACTIVE_ARCH = YES;
				SDKROOT = iphoneos;
				SWIFT_ACTIVE_COMPILATION_CONDITIONS = "DEBUG $(inherited)";
				SWIFT_OPTIMIZATION_LEVEL = "-Onone";
			};
			name = Debug;
		};
		A56321C42B526486006DECB9 /* Release */ = {
			isa = XCBuildConfiguration;
			buildSettings = {
				ALWAYS_SEARCH_USER_PATHS = NO;
				ASSETCATALOG_COMPILER_GENERATE_SWIFT_ASSET_SYMBOL_EXTENSIONS = YES;
				CLANG_ANALYZER_NONNULL = YES;
				CLANG_ANALYZER_NUMBER_OBJECT_CONVERSION = YES_AGGRESSIVE;
				CLANG_CXX_LANGUAGE_STANDARD = "gnu++20";
				CLANG_ENABLE_MODULES = YES;
				CLANG_ENABLE_OBJC_ARC = YES;
				CLANG_ENABLE_OBJC_WEAK = YES;
				CLANG_WARN_BLOCK_CAPTURE_AUTORELEASING = YES;
				CLANG_WARN_BOOL_CONVERSION = YES;
				CLANG_WARN_COMMA = YES;
				CLANG_WARN_CONSTANT_CONVERSION = YES;
				CLANG_WARN_DEPRECATED_OBJC_IMPLEMENTATIONS = YES;
				CLANG_WARN_DIRECT_OBJC_ISA_USAGE = YES_ERROR;
				CLANG_WARN_DOCUMENTATION_COMMENTS = YES;
				CLANG_WARN_EMPTY_BODY = YES;
				CLANG_WARN_ENUM_CONVERSION = YES;
				CLANG_WARN_INFINITE_RECURSION = YES;
				CLANG_WARN_INT_CONVERSION = YES;
				CLANG_WARN_NON_LITERAL_NULL_CONVERSION = YES;
				CLANG_WARN_OBJC_IMPLICIT_RETAIN_SELF = YES;
				CLANG_WARN_OBJC_LITERAL_CONVERSION = YES;
				CLANG_WARN_OBJC_ROOT_CLASS = YES_ERROR;
				CLANG_WARN_QUOTED_INCLUDE_IN_FRAMEWORK_HEADER = YES;
				CLANG_WARN_RANGE_LOOP_ANALYSIS = YES;
				CLANG_WARN_STRICT_PROTOTYPES = YES;
				CLANG_WARN_SUSPICIOUS_MOVE = YES;
				CLANG_WARN_UNGUARDED_AVAILABILITY = YES_AGGRESSIVE;
				CLANG_WARN_UNREACHABLE_CODE = YES;
				CLANG_WARN__DUPLICATE_METHOD_MATCH = YES;
				COPY_PHASE_STRIP = NO;
				DEBUG_INFORMATION_FORMAT = "dwarf-with-dsym";
				ENABLE_NS_ASSERTIONS = NO;
				ENABLE_STRICT_OBJC_MSGSEND = YES;
				ENABLE_USER_SCRIPT_SANDBOXING = YES;
				GCC_C_LANGUAGE_STANDARD = gnu17;
				GCC_NO_COMMON_BLOCKS = YES;
				GCC_WARN_64_TO_32_BIT_CONVERSION = YES;
				GCC_WARN_ABOUT_RETURN_TYPE = YES_ERROR;
				GCC_WARN_UNDECLARED_SELECTOR = YES;
				GCC_WARN_UNINITIALIZED_AUTOS = YES_AGGRESSIVE;
				GCC_WARN_UNUSED_FUNCTION = YES;
				GCC_WARN_UNUSED_VARIABLE = YES;
				IPHONEOS_DEPLOYMENT_TARGET = 17.2;
				LOCALIZATION_PREFERS_STRING_CATALOGS = YES;
				MTL_ENABLE_DEBUG_INFO = NO;
				MTL_FAST_MATH = YES;
				SDKROOT = iphoneos;
				SWIFT_COMPILATION_MODE = wholemodule;
				VALIDATE_PRODUCT = YES;
			};
			name = Release;
		};
		A56321C62B526486006DECB9 /* Debug */ = {
			isa = XCBuildConfiguration;
			buildSettings = {
				ASSETCATALOG_COMPILER_APPICON_NAME = AppIcon;
				ASSETCATALOG_COMPILER_GLOBAL_ACCENT_COLOR_NAME = AccentColor;
				CODE_SIGN_STYLE = Automatic;
				CURRENT_PROJECT_VERSION = 1;
				DEVELOPMENT_ASSET_PATHS = "\"MathProblem/Preview Content\"";
				DEVELOPMENT_TEAM = XMQJZ3W76L;
				ENABLE_PREVIEWS = YES;
				GENERATE_INFOPLIST_FILE = YES;
				INFOPLIST_KEY_UIApplicationSceneManifest_Generation = YES;
				INFOPLIST_KEY_UIApplicationSupportsIndirectInputEvents = YES;
				INFOPLIST_KEY_UILaunchScreen_Generation = YES;
				INFOPLIST_KEY_UISupportedInterfaceOrientations_iPad = "UIInterfaceOrientationPortrait UIInterfaceOrientationPortraitUpsideDown UIInterfaceOrientationLandscapeLeft UIInterfaceOrientationLandscapeRight";
				INFOPLIST_KEY_UISupportedInterfaceOrientations_iPhone = "UIInterfaceOrientationPortrait UIInterfaceOrientationLandscapeLeft UIInterfaceOrientationLandscapeRight";
				LD_RUNPATH_SEARCH_PATHS = (
					"$(inherited)",
					"@executable_path/Frameworks",
				);
				MARKETING_VERSION = 1.0;
				PRODUCT_BUNDLE_IDENTIFIER = app.zeldon.MathProblem;
				PRODUCT_NAME = "$(TARGET_NAME)";
				SWIFT_EMIT_LOC_STRINGS = YES;
				SWIFT_VERSION = 5.0;
				TARGETED_DEVICE_FAMILY = "1,2";
			};
			name = Debug;
		};
		A56321C72B526486006DECB9 /* Release */ = {
			isa = XCBuildConfiguration;
			buildSettings = {
				ASSETCATALOG_COMPILER_APPICON_NAME = AppIcon;
				ASSETCATALOG_COMPILER_GLOBAL_ACCENT_COLOR_NAME = AccentColor;
				CODE_SIGN_STYLE = Automatic;
				CURRENT_PROJECT_VERSION = 1;
				DEVELOPMENT_ASSET_PATHS = "\"MathProblem/Preview Content\"";
				DEVELOPMENT_TEAM = XMQJZ3W76L;
				ENABLE_PREVIEWS = YES;
				GENERATE_INFOPLIST_FILE = YES;
				INFOPLIST_KEY_UIApplicationSceneManifest_Generation = YES;
				INFOPLIST_KEY_UIApplicationSupportsIndirectInputEvents = YES;
				INFOPLIST_KEY_UILaunchScreen_Generation = YES;
				INFOPLIST_KEY_UISupportedInterfaceOrientations_iPad = "UIInterfaceOrientationPortrait UIInterfaceOrientationPortraitUpsideDown UIInterfaceOrientationLandscapeLeft UIInterfaceOrientationLandscapeRight";
				INFOPLIST_KEY_UISupportedInterfaceOrientations_iPhone = "UIInterfaceOrientationPortrait UIInterfaceOrientationLandscapeLeft UIInterfaceOrientationLandscapeRight";
				LD_RUNPATH_SEARCH_PATHS = (
					"$(inherited)",
					"@executable_path/Frameworks",
				);
				MARKETING_VERSION = 1.0;
				PRODUCT_BUNDLE_IDENTIFIER = app.zeldon.MathProblem;
				PRODUCT_NAME = "$(TARGET_NAME)";
				SWIFT_EMIT_LOC_STRINGS = YES;
				SWIFT_VERSION = 5.0;
				TARGETED_DEVICE_FAMILY = "1,2";
			};
			name = Release;
		};
/* End XCBuildConfiguration section */

/* Begin XCConfigurationList section */
		A56321B22B526484006DECB9 /* Build configuration list for PBXProject "MathProblem" */ = {
			isa = XCConfigurationList;
			buildConfigurations = (
				A56321C32B526486006DECB9 /* Debug */,
				A56321C42B526486006DECB9 /* Release */,
			);
			defaultConfigurationIsVisible = 0;
			defaultConfigurationName = Release;
		};
		A56321C52B526486006DECB9 /* Build configuration list for PBXNativeTarget "MathProblem" */ = {
			isa = XCConfigurationList;
			buildConfigurations = (
				A56321C62B526486006DECB9 /* Debug */,
				A56321C72B526486006DECB9 /* Release */,
			);
			defaultConfigurationIsVisible = 0;
			defaultConfigurationName = Release;
		};
/* End XCConfigurationList section */
	};
	rootObject = A56321AF2B526484006DECB9 /* Project object */;
}
